
Microsoft Visual Studio Solution File, Format Version 12.00
# Visual Studio Version 17
VisualStudioVersion = 17.14.36221.1
MinimumVisualStudioVersion = 10.0.40219.1
Project("{FAE04EC0-301F-11D3-BF4B-00C04F79EFBC}") = "JECMovieSearchBackend", "JECMovieSearchBackend\JECMovieSearchBackend.csproj", "{F22AD532-4AB3-4225-BDFD-003F9C1E687C}"
EndProject
Project("{FAE04EC0-301F-11D3-BF4B-00C04F79EFBC}") = "JECMovieSearchBackend.Core", "JECMovieSearchBackend.Core\JECMovieSearchBackend.Core.csproj", "{88FDBBA6-E2B3-4F43-9CD3-BCCDA1969D84}"
EndProject
Project("{FAE04EC0-301F-11D3-BF4B-00C04F79EFBC}") = "JECMovieSearchBackend.Entities", "JECMovieSearchBackend.Entities\JECMovieSearchBackend.Entities.csproj", "{575621B0-F404-4647-BA81-D0B39F1B23C2}"
EndProject
Project("{FAE04EC0-301F-11D3-BF4B-00C04F79EFBC}") = "JECMovieSearchBackend.Services", "JECMovieSearchBackend.Services\JECMovieSearchBackend.Services.csproj", "{F237AF82-C82B-42B6-ABED-02972D54A82F}"
EndProject
Project("{FAE04EC0-301F-11D3-BF4B-00C04F79EFBC}") = "JECMovieSearchBackend.Test", "JECMovieSearchBackend.Test\JECMovieSearchBackend.Test.csproj", "{0CA0076F-798F-4E6E-A96F-F012717D050F}"
EndProject
Global
	GlobalSection(SolutionConfigurationPlatforms) = preSolution
		Debug|Any CPU = Debug|Any CPU
		Release|Any CPU = Release|Any CPU
	EndGlobalSection
	GlobalSection(ProjectConfigurationPlatforms) = postSolution
		{F22AD532-4AB3-4225-BDFD-003F9C1E687C}.Debug|Any CPU.ActiveCfg = Debug|Any CPU
		{F22AD532-4AB3-4225-BDFD-003F9C1E687C}.Debug|Any CPU.Build.0 = Debug|Any CPU
		{F22AD532-4AB3-4225-BDFD-003F9C1E687C}.Release|Any CPU.ActiveCfg = Release|Any CPU
		{F22AD532-4AB3-4225-BDFD-003F9C1E687C}.Release|Any CPU.Build.0 = Release|Any CPU
		{88FDBBA6-E2B3-4F43-9CD3-BCCDA1969D84}.Debug|Any CPU.ActiveCfg = Debug|Any CPU
		{88FDBBA6-E2B3-4F43-9CD3-BCCDA1969D84}.Debug|Any CPU.Build.0 = Debug|Any CPU
		{88FDBBA6-E2B3-4F43-9CD3-BCCDA1969D84}.Release|Any CPU.ActiveCfg = Release|Any CPU
		{88FDBBA6-E2B3-4F43-9CD3-BCCDA1969D84}.Release|Any CPU.Build.0 = Release|Any CPU
		{575621B0-F404-4647-BA81-D0B39F1B23C2}.Debug|Any CPU.ActiveCfg = Debug|Any CPU
		{575621B0-F404-4647-BA81-D0B39F1B23C2}.Debug|Any CPU.Build.0 = Debug|Any CPU
		{575621B0-F404-4647-BA81-D0B39F1B23C2}.Release|Any CPU.ActiveCfg = Release|Any CPU
		{575621B0-F404-4647-BA81-D0B39F1B23C2}.Release|Any CPU.Build.0 = Release|Any CPU
		{F237AF82-C82B-42B6-ABED-02972D54A82F}.Debug|Any CPU.ActiveCfg = Debug|Any CPU
		{F237AF82-C82B-42B6-ABED-02972D54A82F}.Debug|Any CPU.Build.0 = Debug|Any CPU
		{F237AF82-C82B-42B6-ABED-02972D54A82F}.Release|Any CPU.ActiveCfg = Release|Any CPU
		{F237AF82-C82B-42B6-ABED-02972D54A82F}.Release|Any CPU.Build.0 = Release|Any CPU
		{0CA0076F-798F-4E6E-A96F-F012717D050F}.Debug|Any CPU.ActiveCfg = Debug|Any CPU
		{0CA0076F-798F-4E6E-A96F-F012717D050F}.Debug|Any CPU.Build.0 = Debug|Any CPU
		{0CA0076F-798F-4E6E-A96F-F012717D050F}.Release|Any CPU.ActiveCfg = Release|Any CPU
		{0CA0076F-798F-4E6E-A96F-F012717D050F}.Release|Any CPU.Build.0 = Release|Any CPU
	EndGlobalSection
	GlobalSection(SolutionProperties) = preSolution
		HideSolutionNode = FALSE
	EndGlobalSection
	GlobalSection(ExtensibilityGlobals) = postSolution
		SolutionGuid = {17EFB79E-815E-4934-B4C7-9AAC5A0F465F}
	EndGlobalSection
EndGlobal
